
Microsoft Visual Studio Solution File, Format Version 12.00
# Visual Studio 14
VisualStudioVersion = 14.0.25420.1
MinimumVisualStudioVersion = 10.0.40219.1
Project("{FAE04EC0-301F-11D3-BF4B-00C04F79EFBC}") = "GoogleCloudExtension", "GoogleCloudExtension\GoogleCloudExtension.csproj", "{BFD6AFBF-F0DB-4CE1-9681-DAE4E93F6DC5}"
	ProjectSection(ProjectDependencies) = postProject
		{AD8B672D-7F0A-4C7F-9774-A9458A99A061} = {AD8B672D-7F0A-4C7F-9774-A9458A99A061}
		{A2D9AC4E-9621-4385-A175-316832F7BFDC} = {A2D9AC4E-9621-4385-A175-316832F7BFDC}
		{95EFAC7E-4F6E-46F0-BCC8-90EE1487E1E1} = {95EFAC7E-4F6E-46F0-BCC8-90EE1487E1E1}
		{3988AAC1-3B20-4BA1-9627-ED7D3C80145F} = {3988AAC1-3B20-4BA1-9627-ED7D3C80145F}
	EndProjectSection
EndProject
Project("{FAE04EC0-301F-11D3-BF4B-00C04F79EFBC}") = "GoogleCloudExtension.Utils", "GoogleCloudExtension.Utils\GoogleCloudExtension.Utils.csproj", "{21501704-9D0C-442F-AD39-292B3DA4BC57}"
EndProject
Project("{FAE04EC0-301F-11D3-BF4B-00C04F79EFBC}") = "GoogleCloudExtension.DataSources", "GoogleCloudExtension.DataSources\GoogleCloudExtension.DataSources.csproj", "{3988AAC1-3B20-4BA1-9627-ED7D3C80145F}"
EndProject
Project("{FAE04EC0-301F-11D3-BF4B-00C04F79EFBC}") = "GoogleAnalyticsUtils", "GoogleAnalyticsUtils\GoogleAnalyticsUtils.csproj", "{A2D9AC4E-9621-4385-A175-316832F7BFDC}"
EndProject
Project("{FAE04EC0-301F-11D3-BF4B-00C04F79EFBC}") = "GoogleCloudExtension.OAuth", "GoogleCloudExtension.OAuth\GoogleCloudExtension.OAuth.csproj", "{AD8B672D-7F0A-4C7F-9774-A9458A99A061}"
EndProject
Project("{FAE04EC0-301F-11D3-BF4B-00C04F79EFBC}") = "GoogleCloudExtension.GCloud", "GoogleCloudExtension.GCloud\GoogleCloudExtension.GCloud.csproj", "{95EFAC7E-4F6E-46F0-BCC8-90EE1487E1E1}"
EndProject
Project("{FAE04EC0-301F-11D3-BF4B-00C04F79EFBC}") = "GoogleCloudExtension.Deployment", "GoogleCloudExtension.Deployment\GoogleCloudExtension.Deployment.csproj", "{92C6E0D0-41D8-4ECC-87E1-AE72FCA891FC}"
EndProject
Project("{FAE04EC0-301F-11D3-BF4B-00C04F79EFBC}") = "GoogleAnalyticsUtilsTests", "GoogleAnalyticsUtilsTests\GoogleAnalyticsUtilsTests.csproj", "{99E068D6-3586-461A-9291-9315319AF237}"
EndProject
Project("{FAE04EC0-301F-11D3-BF4B-00C04F79EFBC}") = "GoogleCloudExtensionUnitTests", "GoogleCloudExtensionUnitTests\GoogleCloudExtensionUnitTests.csproj", "{0CD177FD-16EE-4DE7-B013-5C26348A4AB9}"
EndProject
Project("{2150E333-8FDC-42A3-9474-1A3956D46DE8}") = "Solution Items", "Solution Items", "{C659BF40-9EC6-415D-9EBA-17F8B820A5A2}"
	ProjectSection(SolutionItems) = preProject
		..\CONTRIBUTING.md = ..\CONTRIBUTING.md
		..\README.md = ..\README.md
	EndProjectSection
EndProject
Project("{FAE04EC0-301F-11D3-BF4B-00C04F79EFBC}") = "GoogleCloudExtension.GitUtils", "GoogleCloudExtension.GitUtils\GoogleCloudExtension.GitUtils.csproj", "{66B55AAF-8237-45CF-8462-6359318795AB}"
EndProject
Project("{FAE04EC0-301F-11D3-BF4B-00C04F79EFBC}") = "GoogleCloudExtension.Utils.UnitTests", "GoogleCloudExtension.Utils.UnitTests\GoogleCloudExtension.Utils.UnitTests.csproj", "{8F5877B1-4E7C-4427-A37F-C037A5D08B64}"
EndProject
Project("{2150E333-8FDC-42A3-9474-1A3956D46DE8}") = "ProjectTemplates", "ProjectTemplates", "{E7013004-B8B7-4226-8271-D2A0AD141DB2}"
EndProject
Project("{FAE04EC0-301F-11D3-BF4B-00C04F79EFBC}") = "GoogleAspNetCoreMvc", "ProjectTemplates\GoogleAspNetCoreMvc\GoogleAspNetCoreMvc.csproj", "{0363CEB2-EAAA-4531-898D-DCD36F00A6FC}"
EndProject
Project("{FAE04EC0-301F-11D3-BF4B-00C04F79EFBC}") = "GoogleAspNetCoreWebApi", "ProjectTemplates\GoogleAspNetCoreWebApi\GoogleAspNetCoreWebApi.csproj", "{28F22ABA-2F54-4A75-832D-FF15DA0A9C4B}"
EndProject
Project("{FAE04EC0-301F-11D3-BF4B-00C04F79EFBC}") = "GoogleAspnetMvc", "ProjectTemplates\GoogleAspnetMvc\GoogleAspnetMvc.csproj", "{AF37626B-D22B-408A-BC79-C25C097FECF7}"
EndProject
Project("{FAE04EC0-301F-11D3-BF4B-00C04F79EFBC}") = "GoogleAspnetWebApi", "ProjectTemplates\GoogleAspnetWebApi\GoogleAspnetWebApi.csproj", "{30CB8C77-59A5-4E6C-B122-F614135CE7DA}"
EndProject
Project("{FAE04EC0-301F-11D3-BF4B-00C04F79EFBC}") = "GoogleCloudExtension.TemplateWizards", "GoogleCloudExtension.TemplateWizards\GoogleCloudExtension.TemplateWizards.csproj", "{43DF89C4-AF9A-4F61-AFD5-E167E28FC649}"
EndProject
Project("{FAE04EC0-301F-11D3-BF4B-00C04F79EFBC}") = "GoogleCloudExtension.Interop", "GoogleCloudExtension.Interop\GoogleCloudExtension.Interop.csproj", "{856B9F2E-441F-405A-9D5C-AF5DC5653902}"
EndProject
Global
	GlobalSection(SolutionConfigurationPlatforms) = preSolution
		Debug|Any CPU = Debug|Any CPU
		Debug|VS2017 = Debug|VS2017
		Release|Any CPU = Release|Any CPU
		Release|VS2017 = Release|VS2017
	EndGlobalSection
	GlobalSection(ProjectConfigurationPlatforms) = postSolution
		{BFD6AFBF-F0DB-4CE1-9681-DAE4E93F6DC5}.Debug|Any CPU.ActiveCfg = Debug|Any CPU
		{BFD6AFBF-F0DB-4CE1-9681-DAE4E93F6DC5}.Debug|Any CPU.Build.0 = Debug|Any CPU
		{BFD6AFBF-F0DB-4CE1-9681-DAE4E93F6DC5}.Debug|VS2017.ActiveCfg = Debug|VS2017
		{BFD6AFBF-F0DB-4CE1-9681-DAE4E93F6DC5}.Debug|VS2017.Build.0 = Debug|VS2017
		{BFD6AFBF-F0DB-4CE1-9681-DAE4E93F6DC5}.Release|Any CPU.ActiveCfg = Release|Any CPU
		{BFD6AFBF-F0DB-4CE1-9681-DAE4E93F6DC5}.Release|Any CPU.Build.0 = Release|Any CPU
		{BFD6AFBF-F0DB-4CE1-9681-DAE4E93F6DC5}.Release|VS2017.ActiveCfg = Release|Any CPU
		{BFD6AFBF-F0DB-4CE1-9681-DAE4E93F6DC5}.Release|VS2017.Build.0 = Release|Any CPU
		{21501704-9D0C-442F-AD39-292B3DA4BC57}.Debug|Any CPU.ActiveCfg = Debug|Any CPU
		{21501704-9D0C-442F-AD39-292B3DA4BC57}.Debug|Any CPU.Build.0 = Debug|Any CPU
		{21501704-9D0C-442F-AD39-292B3DA4BC57}.Debug|VS2017.ActiveCfg = Debug|Any CPU
		{21501704-9D0C-442F-AD39-292B3DA4BC57}.Debug|VS2017.Build.0 = Debug|Any CPU
		{21501704-9D0C-442F-AD39-292B3DA4BC57}.Release|Any CPU.ActiveCfg = Release|Any CPU
		{21501704-9D0C-442F-AD39-292B3DA4BC57}.Release|Any CPU.Build.0 = Release|Any CPU
		{21501704-9D0C-442F-AD39-292B3DA4BC57}.Release|VS2017.ActiveCfg = Release|Any CPU
		{21501704-9D0C-442F-AD39-292B3DA4BC57}.Release|VS2017.Build.0 = Release|Any CPU
		{3988AAC1-3B20-4BA1-9627-ED7D3C80145F}.Debug|Any CPU.ActiveCfg = Debug|Any CPU
		{3988AAC1-3B20-4BA1-9627-ED7D3C80145F}.Debug|Any CPU.Build.0 = Debug|Any CPU
		{3988AAC1-3B20-4BA1-9627-ED7D3C80145F}.Debug|VS2017.ActiveCfg = Debug|Any CPU
		{3988AAC1-3B20-4BA1-9627-ED7D3C80145F}.Debug|VS2017.Build.0 = Debug|Any CPU
		{3988AAC1-3B20-4BA1-9627-ED7D3C80145F}.Release|Any CPU.ActiveCfg = Release|Any CPU
		{3988AAC1-3B20-4BA1-9627-ED7D3C80145F}.Release|Any CPU.Build.0 = Release|Any CPU
		{3988AAC1-3B20-4BA1-9627-ED7D3C80145F}.Release|VS2017.ActiveCfg = Release|Any CPU
		{3988AAC1-3B20-4BA1-9627-ED7D3C80145F}.Release|VS2017.Build.0 = Release|Any CPU
		{A2D9AC4E-9621-4385-A175-316832F7BFDC}.Debug|Any CPU.ActiveCfg = Debug|Any CPU
		{A2D9AC4E-9621-4385-A175-316832F7BFDC}.Debug|Any CPU.Build.0 = Debug|Any CPU
		{A2D9AC4E-9621-4385-A175-316832F7BFDC}.Debug|VS2017.ActiveCfg = Debug|Any CPU
		{A2D9AC4E-9621-4385-A175-316832F7BFDC}.Debug|VS2017.Build.0 = Debug|Any CPU
		{A2D9AC4E-9621-4385-A175-316832F7BFDC}.Release|Any CPU.ActiveCfg = Release|Any CPU
		{A2D9AC4E-9621-4385-A175-316832F7BFDC}.Release|Any CPU.Build.0 = Release|Any CPU
		{A2D9AC4E-9621-4385-A175-316832F7BFDC}.Release|VS2017.ActiveCfg = Release|Any CPU
		{A2D9AC4E-9621-4385-A175-316832F7BFDC}.Release|VS2017.Build.0 = Release|Any CPU
		{AD8B672D-7F0A-4C7F-9774-A9458A99A061}.Debug|Any CPU.ActiveCfg = Debug|Any CPU
		{AD8B672D-7F0A-4C7F-9774-A9458A99A061}.Debug|Any CPU.Build.0 = Debug|Any CPU
		{AD8B672D-7F0A-4C7F-9774-A9458A99A061}.Debug|VS2017.ActiveCfg = Debug|Any CPU
		{AD8B672D-7F0A-4C7F-9774-A9458A99A061}.Debug|VS2017.Build.0 = Debug|Any CPU
		{AD8B672D-7F0A-4C7F-9774-A9458A99A061}.Release|Any CPU.ActiveCfg = Release|Any CPU
		{AD8B672D-7F0A-4C7F-9774-A9458A99A061}.Release|Any CPU.Build.0 = Release|Any CPU
		{AD8B672D-7F0A-4C7F-9774-A9458A99A061}.Release|VS2017.ActiveCfg = Release|Any CPU
		{AD8B672D-7F0A-4C7F-9774-A9458A99A061}.Release|VS2017.Build.0 = Release|Any CPU
		{95EFAC7E-4F6E-46F0-BCC8-90EE1487E1E1}.Debug|Any CPU.ActiveCfg = Debug|Any CPU
		{95EFAC7E-4F6E-46F0-BCC8-90EE1487E1E1}.Debug|Any CPU.Build.0 = Debug|Any CPU
		{95EFAC7E-4F6E-46F0-BCC8-90EE1487E1E1}.Debug|VS2017.ActiveCfg = Debug|Any CPU
		{95EFAC7E-4F6E-46F0-BCC8-90EE1487E1E1}.Debug|VS2017.Build.0 = Debug|Any CPU
		{95EFAC7E-4F6E-46F0-BCC8-90EE1487E1E1}.Release|Any CPU.ActiveCfg = Release|Any CPU
		{95EFAC7E-4F6E-46F0-BCC8-90EE1487E1E1}.Release|Any CPU.Build.0 = Release|Any CPU
		{95EFAC7E-4F6E-46F0-BCC8-90EE1487E1E1}.Release|VS2017.ActiveCfg = Release|Any CPU
		{95EFAC7E-4F6E-46F0-BCC8-90EE1487E1E1}.Release|VS2017.Build.0 = Release|Any CPU
		{92C6E0D0-41D8-4ECC-87E1-AE72FCA891FC}.Debug|Any CPU.ActiveCfg = Debug|Any CPU
		{92C6E0D0-41D8-4ECC-87E1-AE72FCA891FC}.Debug|Any CPU.Build.0 = Debug|Any CPU
		{92C6E0D0-41D8-4ECC-87E1-AE72FCA891FC}.Debug|VS2017.ActiveCfg = Debug|Any CPU
		{92C6E0D0-41D8-4ECC-87E1-AE72FCA891FC}.Debug|VS2017.Build.0 = Debug|Any CPU
		{92C6E0D0-41D8-4ECC-87E1-AE72FCA891FC}.Release|Any CPU.ActiveCfg = Release|Any CPU
		{92C6E0D0-41D8-4ECC-87E1-AE72FCA891FC}.Release|Any CPU.Build.0 = Release|Any CPU
		{92C6E0D0-41D8-4ECC-87E1-AE72FCA891FC}.Release|VS2017.ActiveCfg = Release|Any CPU
		{92C6E0D0-41D8-4ECC-87E1-AE72FCA891FC}.Release|VS2017.Build.0 = Release|Any CPU
		{99E068D6-3586-461A-9291-9315319AF237}.Debug|Any CPU.ActiveCfg = Debug|Any CPU
		{99E068D6-3586-461A-9291-9315319AF237}.Debug|Any CPU.Build.0 = Debug|Any CPU
		{99E068D6-3586-461A-9291-9315319AF237}.Debug|VS2017.ActiveCfg = Debug|Any CPU
		{99E068D6-3586-461A-9291-9315319AF237}.Debug|VS2017.Build.0 = Debug|Any CPU
		{99E068D6-3586-461A-9291-9315319AF237}.Release|Any CPU.ActiveCfg = Release|Any CPU
		{99E068D6-3586-461A-9291-9315319AF237}.Release|Any CPU.Build.0 = Release|Any CPU
		{99E068D6-3586-461A-9291-9315319AF237}.Release|VS2017.ActiveCfg = Release|Any CPU
		{99E068D6-3586-461A-9291-9315319AF237}.Release|VS2017.Build.0 = Release|Any CPU
		{0CD177FD-16EE-4DE7-B013-5C26348A4AB9}.Debug|Any CPU.ActiveCfg = Debug|Any CPU
		{0CD177FD-16EE-4DE7-B013-5C26348A4AB9}.Debug|Any CPU.Build.0 = Debug|Any CPU
		{0CD177FD-16EE-4DE7-B013-5C26348A4AB9}.Debug|VS2017.ActiveCfg = Debug|Any CPU
		{0CD177FD-16EE-4DE7-B013-5C26348A4AB9}.Debug|VS2017.Build.0 = Debug|Any CPU
		{0CD177FD-16EE-4DE7-B013-5C26348A4AB9}.Release|Any CPU.ActiveCfg = Release|Any CPU
		{0CD177FD-16EE-4DE7-B013-5C26348A4AB9}.Release|Any CPU.Build.0 = Release|Any CPU
		{0CD177FD-16EE-4DE7-B013-5C26348A4AB9}.Release|VS2017.ActiveCfg = Release|Any CPU
		{0CD177FD-16EE-4DE7-B013-5C26348A4AB9}.Release|VS2017.Build.0 = Release|Any CPU
		{66B55AAF-8237-45CF-8462-6359318795AB}.Debug|Any CPU.ActiveCfg = Debug|Any CPU
		{66B55AAF-8237-45CF-8462-6359318795AB}.Debug|Any CPU.Build.0 = Debug|Any CPU
		{66B55AAF-8237-45CF-8462-6359318795AB}.Debug|VS2017.ActiveCfg = Debug|Any CPU
		{66B55AAF-8237-45CF-8462-6359318795AB}.Debug|VS2017.Build.0 = Debug|Any CPU
		{66B55AAF-8237-45CF-8462-6359318795AB}.Release|Any CPU.ActiveCfg = Release|Any CPU
		{66B55AAF-8237-45CF-8462-6359318795AB}.Release|Any CPU.Build.0 = Release|Any CPU
		{66B55AAF-8237-45CF-8462-6359318795AB}.Release|VS2017.ActiveCfg = Release|Any CPU
		{66B55AAF-8237-45CF-8462-6359318795AB}.Release|VS2017.Build.0 = Release|Any CPU
		{8F5877B1-4E7C-4427-A37F-C037A5D08B64}.Debug|Any CPU.ActiveCfg = Debug|Any CPU
		{8F5877B1-4E7C-4427-A37F-C037A5D08B64}.Debug|Any CPU.Build.0 = Debug|Any CPU
		{8F5877B1-4E7C-4427-A37F-C037A5D08B64}.Debug|VS2017.ActiveCfg = Debug|Any CPU
		{8F5877B1-4E7C-4427-A37F-C037A5D08B64}.Debug|VS2017.Build.0 = Debug|Any CPU
		{8F5877B1-4E7C-4427-A37F-C037A5D08B64}.Release|Any CPU.ActiveCfg = Release|Any CPU
		{8F5877B1-4E7C-4427-A37F-C037A5D08B64}.Release|Any CPU.Build.0 = Release|Any CPU
		{8F5877B1-4E7C-4427-A37F-C037A5D08B64}.Release|VS2017.ActiveCfg = Release|Any CPU
		{8F5877B1-4E7C-4427-A37F-C037A5D08B64}.Release|VS2017.Build.0 = Release|Any CPU
		{0363CEB2-EAAA-4531-898D-DCD36F00A6FC}.Debug|Any CPU.ActiveCfg = Debug|Any CPU
		{0363CEB2-EAAA-4531-898D-DCD36F00A6FC}.Debug|Any CPU.Build.0 = Debug|Any CPU
		{0363CEB2-EAAA-4531-898D-DCD36F00A6FC}.Debug|VS2017.ActiveCfg = Debug|Any CPU
		{0363CEB2-EAAA-4531-898D-DCD36F00A6FC}.Debug|VS2017.Build.0 = Debug|Any CPU
		{0363CEB2-EAAA-4531-898D-DCD36F00A6FC}.Release|Any CPU.ActiveCfg = Release|Any CPU
		{0363CEB2-EAAA-4531-898D-DCD36F00A6FC}.Release|Any CPU.Build.0 = Release|Any CPU
		{0363CEB2-EAAA-4531-898D-DCD36F00A6FC}.Release|VS2017.ActiveCfg = Release|Any CPU
		{0363CEB2-EAAA-4531-898D-DCD36F00A6FC}.Release|VS2017.Build.0 = Release|Any CPU
		{28F22ABA-2F54-4A75-832D-FF15DA0A9C4B}.Debug|Any CPU.ActiveCfg = Debug|Any CPU
		{28F22ABA-2F54-4A75-832D-FF15DA0A9C4B}.Debug|Any CPU.Build.0 = Debug|Any CPU
		{28F22ABA-2F54-4A75-832D-FF15DA0A9C4B}.Debug|VS2017.ActiveCfg = Debug|Any CPU
		{28F22ABA-2F54-4A75-832D-FF15DA0A9C4B}.Debug|VS2017.Build.0 = Debug|Any CPU
		{28F22ABA-2F54-4A75-832D-FF15DA0A9C4B}.Release|Any CPU.ActiveCfg = Release|Any CPU
		{28F22ABA-2F54-4A75-832D-FF15DA0A9C4B}.Release|Any CPU.Build.0 = Release|Any CPU
		{28F22ABA-2F54-4A75-832D-FF15DA0A9C4B}.Release|VS2017.ActiveCfg = Release|Any CPU
		{28F22ABA-2F54-4A75-832D-FF15DA0A9C4B}.Release|VS2017.Build.0 = Release|Any CPU
		{AF37626B-D22B-408A-BC79-C25C097FECF7}.Debug|Any CPU.ActiveCfg = Debug|Any CPU
		{AF37626B-D22B-408A-BC79-C25C097FECF7}.Debug|Any CPU.Build.0 = Debug|Any CPU
		{AF37626B-D22B-408A-BC79-C25C097FECF7}.Debug|VS2017.ActiveCfg = Debug|Any CPU
		{AF37626B-D22B-408A-BC79-C25C097FECF7}.Debug|VS2017.Build.0 = Debug|Any CPU
		{AF37626B-D22B-408A-BC79-C25C097FECF7}.Release|Any CPU.ActiveCfg = Release|Any CPU
		{AF37626B-D22B-408A-BC79-C25C097FECF7}.Release|Any CPU.Build.0 = Release|Any CPU
		{AF37626B-D22B-408A-BC79-C25C097FECF7}.Release|VS2017.ActiveCfg = Release|Any CPU
		{AF37626B-D22B-408A-BC79-C25C097FECF7}.Release|VS2017.Build.0 = Release|Any CPU
		{30CB8C77-59A5-4E6C-B122-F614135CE7DA}.Debug|Any CPU.ActiveCfg = Debug|Any CPU
		{30CB8C77-59A5-4E6C-B122-F614135CE7DA}.Debug|Any CPU.Build.0 = Debug|Any CPU
		{30CB8C77-59A5-4E6C-B122-F614135CE7DA}.Debug|VS2017.ActiveCfg = Debug|Any CPU
		{30CB8C77-59A5-4E6C-B122-F614135CE7DA}.Debug|VS2017.Build.0 = Debug|Any CPU
		{30CB8C77-59A5-4E6C-B122-F614135CE7DA}.Release|Any CPU.ActiveCfg = Release|Any CPU
		{30CB8C77-59A5-4E6C-B122-F614135CE7DA}.Release|Any CPU.Build.0 = Release|Any CPU
		{30CB8C77-59A5-4E6C-B122-F614135CE7DA}.Release|VS2017.ActiveCfg = Release|Any CPU
		{30CB8C77-59A5-4E6C-B122-F614135CE7DA}.Release|VS2017.Build.0 = Release|Any CPU
		{43DF89C4-AF9A-4F61-AFD5-E167E28FC649}.Debug|Any CPU.ActiveCfg = Debug|Any CPU
		{43DF89C4-AF9A-4F61-AFD5-E167E28FC649}.Debug|Any CPU.Build.0 = Debug|Any CPU
		{43DF89C4-AF9A-4F61-AFD5-E167E28FC649}.Debug|VS2017.ActiveCfg = Debug|Any CPU
		{43DF89C4-AF9A-4F61-AFD5-E167E28FC649}.Debug|VS2017.Build.0 = Debug|Any CPU
		{43DF89C4-AF9A-4F61-AFD5-E167E28FC649}.Release|Any CPU.ActiveCfg = Release|Any CPU
		{43DF89C4-AF9A-4F61-AFD5-E167E28FC649}.Release|Any CPU.Build.0 = Release|Any CPU
		{43DF89C4-AF9A-4F61-AFD5-E167E28FC649}.Release|VS2017.ActiveCfg = Release|Any CPU
		{43DF89C4-AF9A-4F61-AFD5-E167E28FC649}.Release|VS2017.Build.0 = Release|Any CPU
		{856B9F2E-441F-405A-9D5C-AF5DC5653902}.Debug|Any CPU.ActiveCfg = Debug|Any CPU
		{856B9F2E-441F-405A-9D5C-AF5DC5653902}.Debug|Any CPU.Build.0 = Debug|Any CPU
		{856B9F2E-441F-405A-9D5C-AF5DC5653902}.Debug|VS2017.ActiveCfg = Debug|Any CPU
		{856B9F2E-441F-405A-9D5C-AF5DC5653902}.Debug|VS2017.Build.0 = Debug|Any CPU
		{856B9F2E-441F-405A-9D5C-AF5DC5653902}.Release|Any CPU.ActiveCfg = Release|Any CPU
		{856B9F2E-441F-405A-9D5C-AF5DC5653902}.Release|Any CPU.Build.0 = Release|Any CPU
		{856B9F2E-441F-405A-9D5C-AF5DC5653902}.Release|VS2017.ActiveCfg = Release|Any CPU
		{856B9F2E-441F-405A-9D5C-AF5DC5653902}.Release|VS2017.Build.0 = Release|Any CPU
	EndGlobalSection
	GlobalSection(SolutionProperties) = preSolution
		HideSolutionNode = FALSE
	EndGlobalSection
	GlobalSection(NestedProjects) = preSolution
		{0363CEB2-EAAA-4531-898D-DCD36F00A6FC} = {E7013004-B8B7-4226-8271-D2A0AD141DB2}
		{28F22ABA-2F54-4A75-832D-FF15DA0A9C4B} = {E7013004-B8B7-4226-8271-D2A0AD141DB2}
		{AF37626B-D22B-408A-BC79-C25C097FECF7} = {E7013004-B8B7-4226-8271-D2A0AD141DB2}
		{30CB8C77-59A5-4E6C-B122-F614135CE7DA} = {E7013004-B8B7-4226-8271-D2A0AD141DB2}
	EndGlobalSection
EndGlobal
