
Microsoft Visual Studio Solution File, Format Version 12.00
# Visual Studio 14
VisualStudioVersion = 14.0.24720.0
MinimumVisualStudioVersion = 10.0.40219.1
Project("{FAE04EC0-301F-11D3-BF4B-00C04F79EFBC}") = "GoogleCloudExtension", "GoogleCloudExtension\GoogleCloudExtension.csproj", "{BFD6AFBF-F0DB-4CE1-9681-DAE4E93F6DC5}"
EndProject
Project("{FAE04EC0-301F-11D3-BF4B-00C04F79EFBC}") = "GoogleCloudExtension.GCloud", "GoogleCloudExtension.GCloud\GoogleCloudExtension.GCloud.csproj", "{95EFAC7E-4F6E-46F0-BCC8-90EE1487E1E1}"
EndProject
Project("{FAE04EC0-301F-11D3-BF4B-00C04F79EFBC}") = "GoogleCloudExtension.Utils", "GoogleCloudExtension.Utils\GoogleCloudExtension.Utils.csproj", "{21501704-9D0C-442F-AD39-292B3DA4BC57}"
EndProject
Project("{FAE04EC0-301F-11D3-BF4B-00C04F79EFBC}") = "GoogleCloudExtension.DataSources", "GoogleCloudExtension.DataSources\GoogleCloudExtension.DataSources.csproj", "{3988AAC1-3B20-4BA1-9627-ED7D3C80145F}"
EndProject
Project("{FAE04EC0-301F-11D3-BF4B-00C04F79EFBC}") = "aspnet_tool", "aspnet_tool\aspnet_tool.csproj", "{92F078D0-88A0-4A5A-96CB-D04CDE8BD848}"
EndProject
Project("{FAE04EC0-301F-11D3-BF4B-00C04F79EFBC}") = "GoogleAnalyticsUtils", "GoogleAnalyticsUtils\GoogleAnalyticsUtils.csproj", "{A2D9AC4E-9621-4385-A175-316832F7BFDC}"
EndProject
Project("{FAE04EC0-301F-11D3-BF4B-00C04F79EFBC}") = "GoogleCloudExtension.DnxSupport", "GoogleCloudExtension.DnxSupport\GoogleCloudExtension.DnxSupport.csproj", "{C09A43DD-3B3A-4B5F-A131-C1D1FD3634A2}"
EndProject
Global
	GlobalSection(SolutionConfigurationPlatforms) = preSolution
		Debug|Any CPU = Debug|Any CPU
		Release|Any CPU = Release|Any CPU
	EndGlobalSection
	GlobalSection(ProjectConfigurationPlatforms) = postSolution
		{BFD6AFBF-F0DB-4CE1-9681-DAE4E93F6DC5}.Debug|Any CPU.ActiveCfg = Debug|Any CPU
		{BFD6AFBF-F0DB-4CE1-9681-DAE4E93F6DC5}.Debug|Any CPU.Build.0 = Debug|Any CPU
		{BFD6AFBF-F0DB-4CE1-9681-DAE4E93F6DC5}.Release|Any CPU.ActiveCfg = Release|Any CPU
		{BFD6AFBF-F0DB-4CE1-9681-DAE4E93F6DC5}.Release|Any CPU.Build.0 = Release|Any CPU
		{95EFAC7E-4F6E-46F0-BCC8-90EE1487E1E1}.Debug|Any CPU.ActiveCfg = Debug|Any CPU
		{95EFAC7E-4F6E-46F0-BCC8-90EE1487E1E1}.Debug|Any CPU.Build.0 = Debug|Any CPU
		{95EFAC7E-4F6E-46F0-BCC8-90EE1487E1E1}.Release|Any CPU.ActiveCfg = Release|Any CPU
		{95EFAC7E-4F6E-46F0-BCC8-90EE1487E1E1}.Release|Any CPU.Build.0 = Release|Any CPU
		{21501704-9D0C-442F-AD39-292B3DA4BC57}.Debug|Any CPU.ActiveCfg = Debug|Any CPU
		{21501704-9D0C-442F-AD39-292B3DA4BC57}.Debug|Any CPU.Build.0 = Debug|Any CPU
		{21501704-9D0C-442F-AD39-292B3DA4BC57}.Release|Any CPU.ActiveCfg = Release|Any CPU
		{21501704-9D0C-442F-AD39-292B3DA4BC57}.Release|Any CPU.Build.0 = Release|Any CPU
		{3988AAC1-3B20-4BA1-9627-ED7D3C80145F}.Debug|Any CPU.ActiveCfg = Debug|Any CPU
		{3988AAC1-3B20-4BA1-9627-ED7D3C80145F}.Debug|Any CPU.Build.0 = Debug|Any CPU
		{3988AAC1-3B20-4BA1-9627-ED7D3C80145F}.Release|Any CPU.ActiveCfg = Release|Any CPU
		{3988AAC1-3B20-4BA1-9627-ED7D3C80145F}.Release|Any CPU.Build.0 = Release|Any CPU
		{92F078D0-88A0-4A5A-96CB-D04CDE8BD848}.Debug|Any CPU.ActiveCfg = Debug|Any CPU
		{92F078D0-88A0-4A5A-96CB-D04CDE8BD848}.Debug|Any CPU.Build.0 = Debug|Any CPU
		{92F078D0-88A0-4A5A-96CB-D04CDE8BD848}.Release|Any CPU.ActiveCfg = Release|Any CPU
		{92F078D0-88A0-4A5A-96CB-D04CDE8BD848}.Release|Any CPU.Build.0 = Release|Any CPU
		{A2D9AC4E-9621-4385-A175-316832F7BFDC}.Debug|Any CPU.ActiveCfg = Debug|Any CPU
		{A2D9AC4E-9621-4385-A175-316832F7BFDC}.Debug|Any CPU.Build.0 = Debug|Any CPU
		{A2D9AC4E-9621-4385-A175-316832F7BFDC}.Release|Any CPU.ActiveCfg = Release|Any CPU
		{A2D9AC4E-9621-4385-A175-316832F7BFDC}.Release|Any CPU.Build.0 = Release|Any CPU
		{C09A43DD-3B3A-4B5F-A131-C1D1FD3634A2}.Debug|Any CPU.ActiveCfg = Debug|Any CPU
		{C09A43DD-3B3A-4B5F-A131-C1D1FD3634A2}.Debug|Any CPU.Build.0 = Debug|Any CPU
		{C09A43DD-3B3A-4B5F-A131-C1D1FD3634A2}.Release|Any CPU.ActiveCfg = Release|Any CPU
		{C09A43DD-3B3A-4B5F-A131-C1D1FD3634A2}.Release|Any CPU.Build.0 = Release|Any CPU
	EndGlobalSection
	GlobalSection(SolutionProperties) = preSolution
		HideSolutionNode = FALSE
	EndGlobalSection
EndGlobal
